
Microsoft Visual Studio Solution File, Format Version 12.00
# Visual Studio Version 16
VisualStudioVersion = 16.0.29503.13
MinimumVisualStudioVersion = 10.0.40219.1
Project("{2150E333-8FDC-42A3-9474-1A3956D46DE8}") = "10. host", "10. host", "{2A90A4D1-4A22-4094-9FF4-E0324EED8517}"
EndProject
Project("{2150E333-8FDC-42A3-9474-1A3956D46DE8}") = "09. client", "09. client", "{655225E4-2F4C-4D07-82FB-7B4947EF5A7A}"
EndProject
Project("{2150E333-8FDC-42A3-9474-1A3956D46DE8}") = "Solution Items", "Solution Items", "{85EB7950-61F2-4B83-9F3E-F74ECCE0D3C8}"
	ProjectSection(SolutionItems) = preProject
		.github\workflows\CreateServiceDocker.yml = .github\workflows\CreateServiceDocker.yml
		DeployNugetClient.yml = DeployNugetClient.yml
		format.appsettings.json = format.appsettings.json
		ValidateCommit.yml = ValidateCommit.yml
	EndProjectSection
EndProject
Project("{2150E333-8FDC-42A3-9474-1A3956D46DE8}") = "08. Test", "08. Test", "{7F3DBAA2-139B-401D-A33F-1409A9BB4DE8}"
EndProject
Project("{9A19103F-16F7-4668-BE54-9A1E7A4F7556}") = "Service.WalletManager", "src\Service.WalletManager\Service.WalletManager.csproj", "{D9AE04E2-3801-499E-8E95-6F2B2B4BFB41}"
EndProject
Project("{9A19103F-16F7-4668-BE54-9A1E7A4F7556}") = "Service.WalletManager.Client", "src\Service.WalletManager.Client\Service.WalletManager.Client.csproj", "{9B71FE5F-2279-411C-9920-4159E3635E36}"
EndProject
Project("{9A19103F-16F7-4668-BE54-9A1E7A4F7556}") = "Service.WalletManager.TestClient", "test\Service.WalletManager.TestClient\Service.WalletManager.TestClient.csproj", "{E68690DB-606F-49CA-9BAB-DF5B5EA2E8F0}"
EndProject
Project("{2150E333-8FDC-42A3-9474-1A3956D46DE8}") = "07.Repositories", "07.Repositories", "{9AC102C3-8086-4035-82BE-9AF7E12D513C}"
EndProject
Project("{2150E333-8FDC-42A3-9474-1A3956D46DE8}") = "06.Domain", "06.Domain", "{9A5496EB-7156-4FDB-814B-82D5AA410638}"
EndProject
Project("{9A19103F-16F7-4668-BE54-9A1E7A4F7556}") = "Service.WalletManager.Domain", "src\Service.WalletManager.Domain\Service.WalletManager.Domain.csproj", "{2D504271-34EB-4573-BD44-5348073DF17D}"
EndProject
Project("{9A19103F-16F7-4668-BE54-9A1E7A4F7556}") = "Service.WalletManager.DomainServices", "src\Service.WalletManager.DomainServices\Service.WalletManager.DomainServices.csproj", "{A8356052-CB33-4019-B2FC-17FF4C7E3CD4}"
EndProject
Project("{9A19103F-16F7-4668-BE54-9A1E7A4F7556}") = "Service.WalletManager.Repositories", "src\Service.WalletManager.Repositories\Service.WalletManager.Repositories.csproj", "{FBF2B6A4-CB4C-42A9-9B72-577E51ECE66C}"
EndProject
Project("{9A19103F-16F7-4668-BE54-9A1E7A4F7556}") = "Service.WalletManager.Test", "test\Service.WalletManager.Test\Service.WalletManager.Test.csproj", "{A6505D9C-28A6-4885-9144-B40B0866C3AE}"
EndProject
Global
	GlobalSection(SolutionConfigurationPlatforms) = preSolution
		Debug|Any CPU = Debug|Any CPU
		Release|Any CPU = Release|Any CPU
	EndGlobalSection
	GlobalSection(ProjectConfigurationPlatforms) = postSolution
		{D9AE04E2-3801-499E-8E95-6F2B2B4BFB41}.Debug|Any CPU.ActiveCfg = Debug|Any CPU
		{D9AE04E2-3801-499E-8E95-6F2B2B4BFB41}.Debug|Any CPU.Build.0 = Debug|Any CPU
		{D9AE04E2-3801-499E-8E95-6F2B2B4BFB41}.Release|Any CPU.ActiveCfg = Release|Any CPU
		{D9AE04E2-3801-499E-8E95-6F2B2B4BFB41}.Release|Any CPU.Build.0 = Release|Any CPU
		{9B71FE5F-2279-411C-9920-4159E3635E36}.Debug|Any CPU.ActiveCfg = Debug|Any CPU
		{9B71FE5F-2279-411C-9920-4159E3635E36}.Debug|Any CPU.Build.0 = Debug|Any CPU
		{9B71FE5F-2279-411C-9920-4159E3635E36}.Release|Any CPU.ActiveCfg = Release|Any CPU
		{9B71FE5F-2279-411C-9920-4159E3635E36}.Release|Any CPU.Build.0 = Release|Any CPU
		{E68690DB-606F-49CA-9BAB-DF5B5EA2E8F0}.Debug|Any CPU.ActiveCfg = Debug|Any CPU
		{E68690DB-606F-49CA-9BAB-DF5B5EA2E8F0}.Debug|Any CPU.Build.0 = Debug|Any CPU
		{E68690DB-606F-49CA-9BAB-DF5B5EA2E8F0}.Release|Any CPU.ActiveCfg = Release|Any CPU
		{E68690DB-606F-49CA-9BAB-DF5B5EA2E8F0}.Release|Any CPU.Build.0 = Release|Any CPU
		{2D504271-34EB-4573-BD44-5348073DF17D}.Debug|Any CPU.ActiveCfg = Debug|Any CPU
		{2D504271-34EB-4573-BD44-5348073DF17D}.Debug|Any CPU.Build.0 = Debug|Any CPU
		{2D504271-34EB-4573-BD44-5348073DF17D}.Release|Any CPU.ActiveCfg = Release|Any CPU
		{2D504271-34EB-4573-BD44-5348073DF17D}.Release|Any CPU.Build.0 = Release|Any CPU
		{A8356052-CB33-4019-B2FC-17FF4C7E3CD4}.Debug|Any CPU.ActiveCfg = Debug|Any CPU
		{A8356052-CB33-4019-B2FC-17FF4C7E3CD4}.Debug|Any CPU.Build.0 = Debug|Any CPU
		{A8356052-CB33-4019-B2FC-17FF4C7E3CD4}.Release|Any CPU.ActiveCfg = Release|Any CPU
		{A8356052-CB33-4019-B2FC-17FF4C7E3CD4}.Release|Any CPU.Build.0 = Release|Any CPU
		{FBF2B6A4-CB4C-42A9-9B72-577E51ECE66C}.Debug|Any CPU.ActiveCfg = Debug|Any CPU
		{FBF2B6A4-CB4C-42A9-9B72-577E51ECE66C}.Debug|Any CPU.Build.0 = Debug|Any CPU
		{FBF2B6A4-CB4C-42A9-9B72-577E51ECE66C}.Release|Any CPU.ActiveCfg = Release|Any CPU
		{FBF2B6A4-CB4C-42A9-9B72-577E51ECE66C}.Release|Any CPU.Build.0 = Release|Any CPU
		{A6505D9C-28A6-4885-9144-B40B0866C3AE}.Debug|Any CPU.ActiveCfg = Debug|Any CPU
		{A6505D9C-28A6-4885-9144-B40B0866C3AE}.Debug|Any CPU.Build.0 = Debug|Any CPU
		{A6505D9C-28A6-4885-9144-B40B0866C3AE}.Release|Any CPU.ActiveCfg = Release|Any CPU
		{A6505D9C-28A6-4885-9144-B40B0866C3AE}.Release|Any CPU.Build.0 = Release|Any CPU
	EndGlobalSection
	GlobalSection(SolutionProperties) = preSolution
		HideSolutionNode = FALSE
	EndGlobalSection
	GlobalSection(NestedProjects) = preSolution
		{D9AE04E2-3801-499E-8E95-6F2B2B4BFB41} = {2A90A4D1-4A22-4094-9FF4-E0324EED8517}
		{9B71FE5F-2279-411C-9920-4159E3635E36} = {655225E4-2F4C-4D07-82FB-7B4947EF5A7A}
		{E68690DB-606F-49CA-9BAB-DF5B5EA2E8F0} = {7F3DBAA2-139B-401D-A33F-1409A9BB4DE8}
		{2D504271-34EB-4573-BD44-5348073DF17D} = {9A5496EB-7156-4FDB-814B-82D5AA410638}
		{A8356052-CB33-4019-B2FC-17FF4C7E3CD4} = {9A5496EB-7156-4FDB-814B-82D5AA410638}
		{FBF2B6A4-CB4C-42A9-9B72-577E51ECE66C} = {9AC102C3-8086-4035-82BE-9AF7E12D513C}
		{A6505D9C-28A6-4885-9144-B40B0866C3AE} = {7F3DBAA2-139B-401D-A33F-1409A9BB4DE8}
	EndGlobalSection
	GlobalSection(ExtensibilityGlobals) = postSolution
		SolutionGuid = {196C39E2-2F2E-46AB-BA2A-0D2E7E171B5A}
	EndGlobalSection
EndGlobal
